// !$*UTF8*$!
{
	archiveVersion = 1;
	classes = {
	};
	objectVersion = 56;
	objects = {

/* Begin PBXBuildFile section */
		B31718F62B06B19F00A16B81 /* CategoryView.swift in Sources */ = {isa = PBXBuildFile; fileRef = B31718F52B06B19F00A16B81 /* CategoryView.swift */; };
		B31854C22BA45FAE00A28403 /* Constants.swift in Sources */ = {isa = PBXBuildFile; fileRef = B31854C12BA45FAE00A28403 /* Constants.swift */; };
		B3244E212AFBE7BC00CE5CD3 /* BudgetManagerApp.swift in Sources */ = {isa = PBXBuildFile; fileRef = B3244E202AFBE7BC00CE5CD3 /* BudgetManagerApp.swift */; };
		B3244E252AFBE7C000CE5CD3 /* Assets.xcassets in Resources */ = {isa = PBXBuildFile; fileRef = B3244E242AFBE7C000CE5CD3 /* Assets.xcassets */; };
		B3244E282AFBE7C000CE5CD3 /* Preview Assets.xcassets in Resources */ = {isa = PBXBuildFile; fileRef = B3244E272AFBE7C000CE5CD3 /* Preview Assets.xcassets */; };
		B3244E2F2AFBE94B00CE5CD3 /* BudgetView.swift in Sources */ = {isa = PBXBuildFile; fileRef = B3244E2E2AFBE94B00CE5CD3 /* BudgetView.swift */; };
		B3244E312AFBEAF700CE5CD3 /* Helpers.swift in Sources */ = {isa = PBXBuildFile; fileRef = B3244E302AFBEAF700CE5CD3 /* Helpers.swift */; };
		B3244E332AFC36E900CE5CD3 /* AddTransactionView.swift in Sources */ = {isa = PBXBuildFile; fileRef = B3244E322AFC36E900CE5CD3 /* AddTransactionView.swift */; };
		B330AE492AFE3D2A00144798 /* ColorTransformer.swift in Sources */ = {isa = PBXBuildFile; fileRef = B330AE482AFE3D2A00144798 /* ColorTransformer.swift */; };
		B330AE4D2AFE4D3700144798 /* EditBudgetsView.swift in Sources */ = {isa = PBXBuildFile; fileRef = B330AE4C2AFE4D3700144798 /* EditBudgetsView.swift */; };
		B330AE542AFE8A0C00144798 /* DataModel.xcdatamodeld in Sources */ = {isa = PBXBuildFile; fileRef = B330AE522AFE8A0C00144798 /* DataModel.xcdatamodeld */; };
		B330AE562AFE8B9500144798 /* DataController.swift in Sources */ = {isa = PBXBuildFile; fileRef = B330AE552AFE8B9500144798 /* DataController.swift */; };
		B3648D092B0779DC0047981C /* MainView.swift in Sources */ = {isa = PBXBuildFile; fileRef = B3648D082B0779DC0047981C /* MainView.swift */; };
		B37CF6742C297F2000A10802 /* TransactionsView.swift in Sources */ = {isa = PBXBuildFile; fileRef = B37CF6732C297F2000A10802 /* TransactionsView.swift */; };
/* End PBXBuildFile section */

/* Begin PBXFileReference section */
		B31718F52B06B19F00A16B81 /* CategoryView.swift */ = {isa = PBXFileReference; lastKnownFileType = sourcecode.swift; path = CategoryView.swift; sourceTree = "<group>"; };
		B31854C12BA45FAE00A28403 /* Constants.swift */ = {isa = PBXFileReference; lastKnownFileType = sourcecode.swift; path = Constants.swift; sourceTree = "<group>"; };
		B3244E1D2AFBE7BC00CE5CD3 /* BudgetManager.app */ = {isa = PBXFileReference; explicitFileType = wrapper.application; includeInIndex = 0; path = BudgetManager.app; sourceTree = BUILT_PRODUCTS_DIR; };
		B3244E202AFBE7BC00CE5CD3 /* BudgetManagerApp.swift */ = {isa = PBXFileReference; lastKnownFileType = sourcecode.swift; path = BudgetManagerApp.swift; sourceTree = "<group>"; };
		B3244E242AFBE7C000CE5CD3 /* Assets.xcassets */ = {isa = PBXFileReference; lastKnownFileType = folder.assetcatalog; path = Assets.xcassets; sourceTree = "<group>"; };
		B3244E272AFBE7C000CE5CD3 /* Preview Assets.xcassets */ = {isa = PBXFileReference; lastKnownFileType = folder.assetcatalog; path = "Preview Assets.xcassets"; sourceTree = "<group>"; };
		B3244E2E2AFBE94B00CE5CD3 /* BudgetView.swift */ = {isa = PBXFileReference; lastKnownFileType = sourcecode.swift; path = BudgetView.swift; sourceTree = "<group>"; };
		B3244E302AFBEAF700CE5CD3 /* Helpers.swift */ = {isa = PBXFileReference; lastKnownFileType = sourcecode.swift; path = Helpers.swift; sourceTree = "<group>"; };
		B3244E322AFC36E900CE5CD3 /* AddTransactionView.swift */ = {isa = PBXFileReference; lastKnownFileType = sourcecode.swift; path = AddTransactionView.swift; sourceTree = "<group>"; };
		B330AE482AFE3D2A00144798 /* ColorTransformer.swift */ = {isa = PBXFileReference; lastKnownFileType = sourcecode.swift; path = ColorTransformer.swift; sourceTree = "<group>"; };
		B330AE4C2AFE4D3700144798 /* EditBudgetsView.swift */ = {isa = PBXFileReference; lastKnownFileType = sourcecode.swift; path = EditBudgetsView.swift; sourceTree = "<group>"; };
		B330AE532AFE8A0C00144798 /* DataModel.xcdatamodel */ = {isa = PBXFileReference; lastKnownFileType = wrapper.xcdatamodel; path = DataModel.xcdatamodel; sourceTree = "<group>"; };
		B330AE552AFE8B9500144798 /* DataController.swift */ = {isa = PBXFileReference; lastKnownFileType = sourcecode.swift; path = DataController.swift; sourceTree = "<group>"; };
		B3648D082B0779DC0047981C /* MainView.swift */ = {isa = PBXFileReference; lastKnownFileType = sourcecode.swift; path = MainView.swift; sourceTree = "<group>"; };
		B37CF6732C297F2000A10802 /* TransactionsView.swift */ = {isa = PBXFileReference; lastKnownFileType = sourcecode.swift; path = TransactionsView.swift; sourceTree = "<group>"; };
/* End PBXFileReference section */

/* Begin PBXFrameworksBuildPhase section */
		B3244E1A2AFBE7BC00CE5CD3 /* Frameworks */ = {
			isa = PBXFrameworksBuildPhase;
			buildActionMask = 2147483647;
			files = (
			);
			runOnlyForDeploymentPostprocessing = 0;
		};
/* End PBXFrameworksBuildPhase section */

/* Begin PBXGroup section */
		B3244E142AFBE7BC00CE5CD3 = {
			isa = PBXGroup;
			children = (
				B3244E1F2AFBE7BC00CE5CD3 /* BudgetManager */,
				B3244E1E2AFBE7BC00CE5CD3 /* Products */,
			);
			sourceTree = "<group>";
		};
		B3244E1E2AFBE7BC00CE5CD3 /* Products */ = {
			isa = PBXGroup;
			children = (
				B3244E1D2AFBE7BC00CE5CD3 /* BudgetManager.app */,
			);
			name = Products;
			sourceTree = "<group>";
		};
		B3244E1F2AFBE7BC00CE5CD3 /* BudgetManager */ = {
			isa = PBXGroup;
			children = (
				B3244E202AFBE7BC00CE5CD3 /* BudgetManagerApp.swift */,
				B330AE4E2AFE4DA200144798 /* Views */,
				B330AE4F2AFE4DDE00144798 /* Util */,
				B3244E242AFBE7C000CE5CD3 /* Assets.xcassets */,
				B3244E262AFBE7C000CE5CD3 /* Preview Content */,
				B330AE522AFE8A0C00144798 /* DataModel.xcdatamodeld */,
			);
			path = BudgetManager;
			sourceTree = "<group>";
		};
		B3244E262AFBE7C000CE5CD3 /* Preview Content */ = {
			isa = PBXGroup;
			children = (
				B3244E272AFBE7C000CE5CD3 /* Preview Assets.xcassets */,
			);
			path = "Preview Content";
			sourceTree = "<group>";
		};
		B330AE4E2AFE4DA200144798 /* Views */ = {
			isa = PBXGroup;
			children = (
				B3648D082B0779DC0047981C /* MainView.swift */,
				B3244E2E2AFBE94B00CE5CD3 /* BudgetView.swift */,
				B3244E322AFC36E900CE5CD3 /* AddTransactionView.swift */,
				B330AE4C2AFE4D3700144798 /* EditBudgetsView.swift */,
				B31718F52B06B19F00A16B81 /* CategoryView.swift */,
				B37CF6722C297F0000A10802 /* Subviews */,
			);
			path = Views;
			sourceTree = "<group>";
		};
		B330AE4F2AFE4DDE00144798 /* Util */ = {
			isa = PBXGroup;
			children = (
				B3244E302AFBEAF700CE5CD3 /* Helpers.swift */,
				B330AE482AFE3D2A00144798 /* ColorTransformer.swift */,
				B330AE552AFE8B9500144798 /* DataController.swift */,
				B31854C12BA45FAE00A28403 /* Constants.swift */,
			);
			path = Util;
			sourceTree = "<group>";
		};
		B37CF6722C297F0000A10802 /* Subviews */ = {
			isa = PBXGroup;
			children = (
				B37CF6732C297F2000A10802 /* TransactionsView.swift */,
			);
			path = Subviews;
			sourceTree = "<group>";
		};
/* End PBXGroup section */

/* Begin PBXNativeTarget section */
		B3244E1C2AFBE7BC00CE5CD3 /* BudgetManager */ = {
			isa = PBXNativeTarget;
			buildConfigurationList = B3244E2B2AFBE7C000CE5CD3 /* Build configuration list for PBXNativeTarget "BudgetManager" */;
			buildPhases = (
				B3244E192AFBE7BC00CE5CD3 /* Sources */,
				B3244E1A2AFBE7BC00CE5CD3 /* Frameworks */,
				B3244E1B2AFBE7BC00CE5CD3 /* Resources */,
			);
			buildRules = (
			);
			dependencies = (
			);
			name = BudgetManager;
			productName = BudgetManager;
			productReference = B3244E1D2AFBE7BC00CE5CD3 /* BudgetManager.app */;
			productType = "com.apple.product-type.application";
		};
/* End PBXNativeTarget section */

/* Begin PBXProject section */
		B3244E152AFBE7BC00CE5CD3 /* Project object */ = {
			isa = PBXProject;
			attributes = {
				BuildIndependentTargetsInParallel = 1;
				LastSwiftUpdateCheck = 1500;
				LastUpgradeCheck = 1500;
				TargetAttributes = {
					B3244E1C2AFBE7BC00CE5CD3 = {
						CreatedOnToolsVersion = 15.0.1;
					};
				};
			};
			buildConfigurationList = B3244E182AFBE7BC00CE5CD3 /* Build configuration list for PBXProject "BudgetManager" */;
			compatibilityVersion = "Xcode 14.0";
			developmentRegion = en;
			hasScannedForEncodings = 0;
			knownRegions = (
				en,
				Base,
			);
			mainGroup = B3244E142AFBE7BC00CE5CD3;
			productRefGroup = B3244E1E2AFBE7BC00CE5CD3 /* Products */;
			projectDirPath = "";
			projectRoot = "";
			targets = (
				B3244E1C2AFBE7BC00CE5CD3 /* BudgetManager */,
			);
		};
/* End PBXProject section */

/* Begin PBXResourcesBuildPhase section */
		B3244E1B2AFBE7BC00CE5CD3 /* Resources */ = {
			isa = PBXResourcesBuildPhase;
			buildActionMask = 2147483647;
			files = (
				B3244E282AFBE7C000CE5CD3 /* Preview Assets.xcassets in Resources */,
				B3244E252AFBE7C000CE5CD3 /* Assets.xcassets in Resources */,
			);
			runOnlyForDeploymentPostprocessing = 0;
		};
/* End PBXResourcesBuildPhase section */

/* Begin PBXSourcesBuildPhase section */
		B3244E192AFBE7BC00CE5CD3 /* Sources */ = {
			isa = PBXSourcesBuildPhase;
			buildActionMask = 2147483647;
			files = (
				B330AE542AFE8A0C00144798 /* DataModel.xcdatamodeld in Sources */,
				B31854C22BA45FAE00A28403 /* Constants.swift in Sources */,
				B3244E2F2AFBE94B00CE5CD3 /* BudgetView.swift in Sources */,
				B330AE492AFE3D2A00144798 /* ColorTransformer.swift in Sources */,
				B330AE562AFE8B9500144798 /* DataController.swift in Sources */,
				B37CF6742C297F2000A10802 /* TransactionsView.swift in Sources */,
				B3648D092B0779DC0047981C /* MainView.swift in Sources */,
				B3244E212AFBE7BC00CE5CD3 /* BudgetManagerApp.swift in Sources */,
				B3244E312AFBEAF700CE5CD3 /* Helpers.swift in Sources */,
				B3244E332AFC36E900CE5CD3 /* AddTransactionView.swift in Sources */,
				B330AE4D2AFE4D3700144798 /* EditBudgetsView.swift in Sources */,
				B31718F62B06B19F00A16B81 /* CategoryView.swift in Sources */,
			);
			runOnlyForDeploymentPostprocessing = 0;
		};
/* End PBXSourcesBuildPhase section */

/* Begin XCBuildConfiguration section */
		B3244E292AFBE7C000CE5CD3 /* Debug */ = {
			isa = XCBuildConfiguration;
			buildSettings = {
				ALWAYS_SEARCH_USER_PATHS = NO;
				ASSETCATALOG_COMPILER_GENERATE_SWIFT_ASSET_SYMBOL_EXTENSIONS = YES;
				CLANG_ANALYZER_NONNULL = YES;
				CLANG_ANALYZER_NUMBER_OBJECT_CONVERSION = YES_AGGRESSIVE;
				CLANG_CXX_LANGUAGE_STANDARD = "gnu++20";
				CLANG_ENABLE_MODULES = YES;
				CLANG_ENABLE_OBJC_ARC = YES;
				CLANG_ENABLE_OBJC_WEAK = YES;
				CLANG_WARN_BLOCK_CAPTURE_AUTORELEASING = YES;
				CLANG_WARN_BOOL_CONVERSION = YES;
				CLANG_WARN_COMMA = YES;
				CLANG_WARN_CONSTANT_CONVERSION = YES;
				CLANG_WARN_DEPRECATED_OBJC_IMPLEMENTATIONS = YES;
				CLANG_WARN_DIRECT_OBJC_ISA_USAGE = YES_ERROR;
				CLANG_WARN_DOCUMENTATION_COMMENTS = YES;
				CLANG_WARN_EMPTY_BODY = YES;
				CLANG_WARN_ENUM_CONVERSION = YES;
				CLANG_WARN_INFINITE_RECURSION = YES;
				CLANG_WARN_INT_CONVERSION = YES;
				CLANG_WARN_NON_LITERAL_NULL_CONVERSION = YES;
				CLANG_WARN_OBJC_IMPLICIT_RETAIN_SELF = YES;
				CLANG_WARN_OBJC_LITERAL_CONVERSION = YES;
				CLANG_WARN_OBJC_ROOT_CLASS = YES_ERROR;
				CLANG_WARN_QUOTED_INCLUDE_IN_FRAMEWORK_HEADER = YES;
				CLANG_WARN_RANGE_LOOP_ANALYSIS = YES;
				CLANG_WARN_STRICT_PROTOTYPES = YES;
				CLANG_WARN_SUSPICIOUS_MOVE = YES;
				CLANG_WARN_UNGUARDED_AVAILABILITY = YES_AGGRESSIVE;
				CLANG_WARN_UNREACHABLE_CODE = YES;
				CLANG_WARN__DUPLICATE_METHOD_MATCH = YES;
				COPY_PHASE_STRIP = NO;
				DEBUG_INFORMATION_FORMAT = dwarf;
				ENABLE_STRICT_OBJC_MSGSEND = YES;
				ENABLE_TESTABILITY = YES;
				ENABLE_USER_SCRIPT_SANDBOXING = YES;
				GCC_C_LANGUAGE_STANDARD = gnu17;
				GCC_DYNAMIC_NO_PIC = NO;
				GCC_NO_COMMON_BLOCKS = YES;
				GCC_OPTIMIZATION_LEVEL = 0;
				GCC_PREPROCESSOR_DEFINITIONS = (
					"DEBUG=1",
					"$(inherited)",
				);
				GCC_WARN_64_TO_32_BIT_CONVERSION = YES;
				GCC_WARN_ABOUT_RETURN_TYPE = YES_ERROR;
				GCC_WARN_UNDECLARED_SELECTOR = YES;
				GCC_WARN_UNINITIALIZED_AUTOS = YES_AGGRESSIVE;
				GCC_WARN_UNUSED_FUNCTION = YES;
				GCC_WARN_UNUSED_VARIABLE = YES;
				INFOPLIST_KEY_NSFaceIDUsageDescription = "We use biometrics to keep your financial data safe.";
				IPHONEOS_DEPLOYMENT_TARGET = 16.1;
				LOCALIZATION_PREFERS_STRING_CATALOGS = YES;
				MTL_ENABLE_DEBUG_INFO = INCLUDE_SOURCE;
				MTL_FAST_MATH = YES;
				ONLY_ACTIVE_ARCH = YES;
				SDKROOT = iphoneos;
				SWIFT_ACTIVE_COMPILATION_CONDITIONS = "DEBUG $(inherited)";
				SWIFT_OPTIMIZATION_LEVEL = "-Onone";
			};
			name = Debug;
		};
		B3244E2A2AFBE7C000CE5CD3 /* Release */ = {
			isa = XCBuildConfiguration;
			buildSettings = {
				ALWAYS_SEARCH_USER_PATHS = NO;
				ASSETCATALOG_COMPILER_GENERATE_SWIFT_ASSET_SYMBOL_EXTENSIONS = YES;
				CLANG_ANALYZER_NONNULL = YES;
				CLANG_ANALYZER_NUMBER_OBJECT_CONVERSION = YES_AGGRESSIVE;
				CLANG_CXX_LANGUAGE_STANDARD = "gnu++20";
				CLANG_ENABLE_MODULES = YES;
				CLANG_ENABLE_OBJC_ARC = YES;
				CLANG_ENABLE_OBJC_WEAK = YES;
				CLANG_WARN_BLOCK_CAPTURE_AUTORELEASING = YES;
				CLANG_WARN_BOOL_CONVERSION = YES;
				CLANG_WARN_COMMA = YES;
				CLANG_WARN_CONSTANT_CONVERSION = YES;
				CLANG_WARN_DEPRECATED_OBJC_IMPLEMENTATIONS = YES;
				CLANG_WARN_DIRECT_OBJC_ISA_USAGE = YES_ERROR;
				CLANG_WARN_DOCUMENTATION_COMMENTS = YES;
				CLANG_WARN_EMPTY_BODY = YES;
				CLANG_WARN_ENUM_CONVERSION = YES;
				CLANG_WARN_INFINITE_RECURSION = YES;
				CLANG_WARN_INT_CONVERSION = YES;
				CLANG_WARN_NON_LITERAL_NULL_CONVERSION = YES;
				CLANG_WARN_OBJC_IMPLICIT_RETAIN_SELF = YES;
				CLANG_WARN_OBJC_LITERAL_CONVERSION = YES;
				CLANG_WARN_OBJC_ROOT_CLASS = YES_ERROR;
				CLANG_WARN_QUOTED_INCLUDE_IN_FRAMEWORK_HEADER = YES;
				CLANG_WARN_RANGE_LOOP_ANALYSIS = YES;
				CLANG_WARN_STRICT_PROTOTYPES = YES;
				CLANG_WARN_SUSPICIOUS_MOVE = YES;
				CLANG_WARN_UNGUARDED_AVAILABILITY = YES_AGGRESSIVE;
				CLANG_WARN_UNREACHABLE_CODE = YES;
				CLANG_WARN__DUPLICATE_METHOD_MATCH = YES;
				COPY_PHASE_STRIP = NO;
				DEBUG_INFORMATION_FORMAT = "dwarf-with-dsym";
				ENABLE_NS_ASSERTIONS = NO;
				ENABLE_STRICT_OBJC_MSGSEND = YES;
				ENABLE_USER_SCRIPT_SANDBOXING = YES;
				GCC_C_LANGUAGE_STANDARD = gnu17;
				GCC_NO_COMMON_BLOCKS = YES;
				GCC_WARN_64_TO_32_BIT_CONVERSION = YES;
				GCC_WARN_ABOUT_RETURN_TYPE = YES_ERROR;
				GCC_WARN_UNDECLARED_SELECTOR = YES;
				GCC_WARN_UNINITIALIZED_AUTOS = YES_AGGRESSIVE;
				GCC_WARN_UNUSED_FUNCTION = YES;
				GCC_WARN_UNUSED_VARIABLE = YES;
				INFOPLIST_KEY_NSFaceIDUsageDescription = "We use biometrics to keep your financial data safe.";
				IPHONEOS_DEPLOYMENT_TARGET = 16.1;
				LOCALIZATION_PREFERS_STRING_CATALOGS = YES;
				MTL_ENABLE_DEBUG_INFO = NO;
				MTL_FAST_MATH = YES;
				SDKROOT = iphoneos;
				SWIFT_COMPILATION_MODE = wholemodule;
				VALIDATE_PRODUCT = YES;
			};
			name = Release;
		};
		B3244E2C2AFBE7C000CE5CD3 /* Debug */ = {
			isa = XCBuildConfiguration;
			buildSettings = {
				ASSETCATALOG_COMPILER_APPICON_NAME = AppIcon;
				ASSETCATALOG_COMPILER_GLOBAL_ACCENT_COLOR_NAME = AccentColor;
				CODE_SIGN_STYLE = Automatic;
				CURRENT_PROJECT_VERSION = 1;
				DEVELOPMENT_ASSET_PATHS = "\"BudgetManager/Preview Content\"";
				DEVELOPMENT_TEAM = 4BJ67S8UAF;
				ENABLE_PREVIEWS = YES;
				GENERATE_INFOPLIST_FILE = YES;
				INFOPLIST_KEY_UIApplicationSceneManifest_Generation = YES;
				INFOPLIST_KEY_UIApplicationSupportsIndirectInputEvents = YES;
				INFOPLIST_KEY_UILaunchScreen_Generation = YES;
				INFOPLIST_KEY_UISupportedInterfaceOrientations_iPad = "UIInterfaceOrientationPortrait UIInterfaceOrientationPortraitUpsideDown UIInterfaceOrientationLandscapeLeft UIInterfaceOrientationLandscapeRight";
				INFOPLIST_KEY_UISupportedInterfaceOrientations_iPhone = "UIInterfaceOrientationPortrait UIInterfaceOrientationLandscapeLeft UIInterfaceOrientationLandscapeRight";
				LD_RUNPATH_SEARCH_PATHS = (
					"$(inherited)",
					"@executable_path/Frameworks",
				);
				MARKETING_VERSION = 1.0;
				PRODUCT_BUNDLE_IDENTIFIER = com.jackhogg.BudgetManager;
				PRODUCT_NAME = "$(TARGET_NAME)";
				SWIFT_EMIT_LOC_STRINGS = YES;
				SWIFT_VERSION = 5.0;
				TARGETED_DEVICE_FAMILY = "1,2";
			};
			name = Debug;
		};
		B3244E2D2AFBE7C000CE5CD3 /* Release */ = {
			isa = XCBuildConfiguration;
			buildSettings = {
				ASSETCATALOG_COMPILER_APPICON_NAME = AppIcon;
				ASSETCATALOG_COMPILER_GLOBAL_ACCENT_COLOR_NAME = AccentColor;
				CODE_SIGN_STYLE = Automatic;
				CURRENT_PROJECT_VERSION = 1;
				DEVELOPMENT_ASSET_PATHS = "\"BudgetManager/Preview Content\"";
				DEVELOPMENT_TEAM = 4BJ67S8UAF;
				ENABLE_PREVIEWS = YES;
				GENERATE_INFOPLIST_FILE = YES;
				INFOPLIST_KEY_UIApplicationSceneManifest_Generation = YES;
				INFOPLIST_KEY_UIApplicationSupportsIndirectInputEvents = YES;
				INFOPLIST_KEY_UILaunchScreen_Generation = YES;
				INFOPLIST_KEY_UISupportedInterfaceOrientations_iPad = "UIInterfaceOrientationPortrait UIInterfaceOrientationPortraitUpsideDown UIInterfaceOrientationLandscapeLeft UIInterfaceOrientationLandscapeRight";
				INFOPLIST_KEY_UISupportedInterfaceOrientations_iPhone = "UIInterfaceOrientationPortrait UIInterfaceOrientationLandscapeLeft UIInterfaceOrientationLandscapeRight";
				LD_RUNPATH_SEARCH_PATHS = (
					"$(inherited)",
					"@executable_path/Frameworks",
				);
				MARKETING_VERSION = 1.0;
				PRODUCT_BUNDLE_IDENTIFIER = com.jackhogg.BudgetManager;
				PRODUCT_NAME = "$(TARGET_NAME)";
				SWIFT_EMIT_LOC_STRINGS = YES;
				SWIFT_VERSION = 5.0;
				TARGETED_DEVICE_FAMILY = "1,2";
			};
			name = Release;
		};
/* End XCBuildConfiguration section */

/* Begin XCConfigurationList section */
		B3244E182AFBE7BC00CE5CD3 /* Build configuration list for PBXProject "BudgetManager" */ = {
			isa = XCConfigurationList;
			buildConfigurations = (
				B3244E292AFBE7C000CE5CD3 /* Debug */,
				B3244E2A2AFBE7C000CE5CD3 /* Release */,
			);
			defaultConfigurationIsVisible = 0;
			defaultConfigurationName = Release;
		};
		B3244E2B2AFBE7C000CE5CD3 /* Build configuration list for PBXNativeTarget "BudgetManager" */ = {
			isa = XCConfigurationList;
			buildConfigurations = (
				B3244E2C2AFBE7C000CE5CD3 /* Debug */,
				B3244E2D2AFBE7C000CE5CD3 /* Release */,
			);
			defaultConfigurationIsVisible = 0;
			defaultConfigurationName = Release;
		};
/* End XCConfigurationList section */

/* Begin XCVersionGroup section */
		B330AE522AFE8A0C00144798 /* DataModel.xcdatamodeld */ = {
			isa = XCVersionGroup;
			children = (
				B330AE532AFE8A0C00144798 /* DataModel.xcdatamodel */,
			);
			currentVersion = B330AE532AFE8A0C00144798 /* DataModel.xcdatamodel */;
			path = DataModel.xcdatamodeld;
			sourceTree = "<group>";
			versionGroupType = wrapper.xcdatamodel;
		};
/* End XCVersionGroup section */
	};
	rootObject = B3244E152AFBE7BC00CE5CD3 /* Project object */;
}
